
Microsoft Visual Studio Solution File, Format Version 12.00
# Visual Studio Version 16
VisualStudioVersion = 16.0.30907.101
MinimumVisualStudioVersion = 10.0.40219.1
Project("{FAE04EC0-301F-11D3-BF4B-00C04F79EFBC}") = "HolidaySystem", "HolidaySystem\HolidaySystem.csproj", "{A0D245C0-D3C4-4C1C-A3F3-856B3C1FE0B2}"
EndProject
Project("{FAE04EC0-301F-11D3-BF4B-00C04F79EFBC}") = "HolidaySystem.Tests", "HolidaySystem.Tests\HolidaySystem.Tests.csproj", "{51269A4D-BB63-40C9-AEF6-EEE9F9A6A688}"
EndProject
Global
	GlobalSection(SolutionConfigurationPlatforms) = preSolution
		Debug|Any CPU = Debug|Any CPU
		Release|Any CPU = Release|Any CPU
	EndGlobalSection
	GlobalSection(ProjectConfigurationPlatforms) = postSolution
		{A0D245C0-D3C4-4C1C-A3F3-856B3C1FE0B2}.Debug|Any CPU.ActiveCfg = Debug|Any CPU
		{A0D245C0-D3C4-4C1C-A3F3-856B3C1FE0B2}.Debug|Any CPU.Build.0 = Debug|Any CPU
		{A0D245C0-D3C4-4C1C-A3F3-856B3C1FE0B2}.Release|Any CPU.ActiveCfg = Release|Any CPU
		{A0D245C0-D3C4-4C1C-A3F3-856B3C1FE0B2}.Release|Any CPU.Build.0 = Release|Any CPU
		{51269A4D-BB63-40C9-AEF6-EEE9F9A6A688}.Debug|Any CPU.ActiveCfg = Debug|Any CPU
		{51269A4D-BB63-40C9-AEF6-EEE9F9A6A688}.Debug|Any CPU.Build.0 = Debug|Any CPU
		{51269A4D-BB63-40C9-AEF6-EEE9F9A6A688}.Release|Any CPU.ActiveCfg = Release|Any CPU
		{51269A4D-BB63-40C9-AEF6-EEE9F9A6A688}.Release|Any CPU.Build.0 = Release|Any CPU
	EndGlobalSection
	GlobalSection(SolutionProperties) = preSolution
		HideSolutionNode = FALSE
	EndGlobalSection
	GlobalSection(ExtensibilityGlobals) = postSolution
		SolutionGuid = {FD041F47-A592-421B-9BEB-10ED5CB67AF0}
	EndGlobalSection
EndGlobal
